
Microsoft Visual Studio Solution File, Format Version 12.00
# Visual Studio Version 17
VisualStudioVersion = 17.2.32210.308
MinimumVisualStudioVersion = 10.0.40219.1
Project("{9A19103F-16F7-4668-BE54-9A1E7A4F7556}") = "SoulWorkerPasswordDumper", "SoulWorkerPasswordDumper\SoulWorkerPasswordDumper.csproj", "{410C2332-8686-4CAA-9B6C-42536B544FAF}"
EndProject
Project("{2150E333-8FDC-42A3-9474-1A3956D46DE8}") = "Solution Files", "Solution Files", "{8E711239-C4F8-424C-A3C5-37803F835865}"
	ProjectSection(SolutionItems) = preProject
		.gitignore = .gitignore
		LICENSE = LICENSE
		README.md = README.md
	EndProjectSection
EndProject
Global
	GlobalSection(SolutionConfigurationPlatforms) = preSolution
		Debug|Any CPU = Debug|Any CPU
		Release|Any CPU = Release|Any CPU
	EndGlobalSection
	GlobalSection(ProjectConfigurationPlatforms) = postSolution
		{410C2332-8686-4CAA-9B6C-42536B544FAF}.Debug|Any CPU.ActiveCfg = Debug|Any CPU
		{410C2332-8686-4CAA-9B6C-42536B544FAF}.Debug|Any CPU.Build.0 = Debug|Any CPU
		{410C2332-8686-4CAA-9B6C-42536B544FAF}.Release|Any CPU.ActiveCfg = Release|Any CPU
		{410C2332-8686-4CAA-9B6C-42536B544FAF}.Release|Any CPU.Build.0 = Release|Any CPU
	EndGlobalSection
	GlobalSection(SolutionProperties) = preSolution
		HideSolutionNode = FALSE
	EndGlobalSection
	GlobalSection(ExtensibilityGlobals) = postSolution
		SolutionGuid = {7CFD026E-5630-4701-BD79-2DC65A58A449}
	EndGlobalSection
EndGlobal
