
Microsoft Visual Studio Solution File, Format Version 12.00
# Visual Studio Version 17
VisualStudioVersion = 17.2.32210.308
MinimumVisualStudioVersion = 10.0.40219.1
Project("{2150E333-8FDC-42A3-9474-1A3956D46DE8}") = "Solution Files", "Solution Files", "{8E711239-C4F8-424C-A3C5-37803F835865}"
	ProjectSection(SolutionItems) = preProject
		.gitattributes = .gitattributes
		.gitignore = .gitignore
		LICENSE = LICENSE
		README.md = README.md
	EndProjectSection
EndProject
Project("{9A19103F-16F7-4668-BE54-9A1E7A4F7556}") = "SoulWorker.PasswordExtractor", "SoulWorker.PasswordExtractor\SoulWorker.PasswordExtractor.csproj", "{6803A811-7F85-48B4-98E6-0BD571CC031B}"
EndProject
Project("{9A19103F-16F7-4668-BE54-9A1E7A4F7556}") = "SoulWorker.PasswordExtractor.Cli", "SoulWorker.PasswordExtractor.Cli\SoulWorker.PasswordExtractor.Cli.csproj", "{23BB8394-C417-44BB-9CDD-5E6C576ABCBF}"
EndProject
Project("{9A19103F-16F7-4668-BE54-9A1E7A4F7556}") = "SoulWorker.PasswordExtractor.Test", "SoulWorker.PasswordExtractor.Test\SoulWorker.PasswordExtractor.Test.csproj", "{7F451921-390C-4FF0-A5F9-3C19AC82EE70}"
EndProject
Project("{2150E333-8FDC-42A3-9474-1A3956D46DE8}") = ".github", ".github", "{A8AF74F1-715B-4456-B35D-82173A89D98B}"
EndProject
Project("{2150E333-8FDC-42A3-9474-1A3956D46DE8}") = "workflows", "workflows", "{8708ECB1-079B-432F-9FDF-A9F62B2F364A}"
	ProjectSection(SolutionItems) = preProject
		.github\workflows\publish.yml = .github\workflows\publish.yml
	EndProjectSection
EndProject
Global
	GlobalSection(SolutionConfigurationPlatforms) = preSolution
		Debug|Any CPU = Debug|Any CPU
		Release|Any CPU = Release|Any CPU
	EndGlobalSection
	GlobalSection(ProjectConfigurationPlatforms) = postSolution
		{6803A811-7F85-48B4-98E6-0BD571CC031B}.Debug|Any CPU.ActiveCfg = Debug|Any CPU
		{6803A811-7F85-48B4-98E6-0BD571CC031B}.Debug|Any CPU.Build.0 = Debug|Any CPU
		{6803A811-7F85-48B4-98E6-0BD571CC031B}.Release|Any CPU.ActiveCfg = Release|Any CPU
		{6803A811-7F85-48B4-98E6-0BD571CC031B}.Release|Any CPU.Build.0 = Release|Any CPU
		{23BB8394-C417-44BB-9CDD-5E6C576ABCBF}.Debug|Any CPU.ActiveCfg = Debug|Any CPU
		{23BB8394-C417-44BB-9CDD-5E6C576ABCBF}.Debug|Any CPU.Build.0 = Debug|Any CPU
		{23BB8394-C417-44BB-9CDD-5E6C576ABCBF}.Release|Any CPU.ActiveCfg = Release|Any CPU
		{23BB8394-C417-44BB-9CDD-5E6C576ABCBF}.Release|Any CPU.Build.0 = Release|Any CPU
		{7F451921-390C-4FF0-A5F9-3C19AC82EE70}.Debug|Any CPU.ActiveCfg = Debug|Any CPU
		{7F451921-390C-4FF0-A5F9-3C19AC82EE70}.Debug|Any CPU.Build.0 = Debug|Any CPU
		{7F451921-390C-4FF0-A5F9-3C19AC82EE70}.Release|Any CPU.ActiveCfg = Release|Any CPU
		{7F451921-390C-4FF0-A5F9-3C19AC82EE70}.Release|Any CPU.Build.0 = Release|Any CPU
	EndGlobalSection
	GlobalSection(SolutionProperties) = preSolution
		HideSolutionNode = FALSE
	EndGlobalSection
	GlobalSection(NestedProjects) = preSolution
		{A8AF74F1-715B-4456-B35D-82173A89D98B} = {8E711239-C4F8-424C-A3C5-37803F835865}
		{8708ECB1-079B-432F-9FDF-A9F62B2F364A} = {A8AF74F1-715B-4456-B35D-82173A89D98B}
	EndGlobalSection
	GlobalSection(ExtensibilityGlobals) = postSolution
		SolutionGuid = {7CFD026E-5630-4701-BD79-2DC65A58A449}
	EndGlobalSection
EndGlobal
